
Microsoft Visual Studio Solution File, Format Version 12.00
# Visual Studio Version 16
VisualStudioVersion = 16.0.29920.165
MinimumVisualStudioVersion = 10.0.40219.1
Project("{FAE04EC0-301F-11D3-BF4B-00C04F79EFBC}") = "xadrez-console", "xadrez-console\xadrez-console.csproj", "{54D4F747-B615-4244-A3EE-A5D21969824D}"
EndProject
Global
	GlobalSection(SolutionConfigurationPlatforms) = preSolution
		Debug|Any CPU = Debug|Any CPU
		Release|Any CPU = Release|Any CPU
	EndGlobalSection
	GlobalSection(ProjectConfigurationPlatforms) = postSolution
		{54D4F747-B615-4244-A3EE-A5D21969824D}.Debug|Any CPU.ActiveCfg = Debug|Any CPU
		{54D4F747-B615-4244-A3EE-A5D21969824D}.Debug|Any CPU.Build.0 = Debug|Any CPU
		{54D4F747-B615-4244-A3EE-A5D21969824D}.Release|Any CPU.ActiveCfg = Release|Any CPU
		{54D4F747-B615-4244-A3EE-A5D21969824D}.Release|Any CPU.Build.0 = Release|Any CPU
	EndGlobalSection
	GlobalSection(SolutionProperties) = preSolution
		HideSolutionNode = FALSE
	EndGlobalSection
	GlobalSection(ExtensibilityGlobals) = postSolution
		SolutionGuid = {B6A45686-3FAC-48BF-A2A4-D07651843603}
	EndGlobalSection
EndGlobal
